
Microsoft Visual Studio Solution File, Format Version 12.00
Project("{FAE04EC0-301F-11D3-BF4B-00C04F79EFBC}") = "Test", "Test.csproj", "{771109D2-AC7E-40C8-8F16-649832A10284}"
EndProject
Project("{2150E333-8FDC-42A3-9474-1A3956D46DE8}") = "EF", "EF", "{0E593880-6CEA-404C-A1C8-50A7A0A06886}"
EndProject
Project("{FAE04EC0-301F-11D3-BF4B-00C04F79EFBC}") = "EFCore.Abstractions", "..\efcore\src\EFCore.Abstractions\EFCore.Abstractions.csproj", "{016B5927-F294-4CDD-AA2C-2C73D088B8DA}"
EndProject
Project("{FAE04EC0-301F-11D3-BF4B-00C04F79EFBC}") = "EFCore", "..\efcore\src\EFCore\EFCore.csproj", "{35B2C07C-F211-4E4C-9FCD-83C1BEF01D7D}"
EndProject
Project("{FAE04EC0-301F-11D3-BF4B-00C04F79EFBC}") = "EFCore.Relational", "..\efcore\src\EFCore.Relational\EFCore.Relational.csproj", "{1D0D4B43-31FD-4C15-ABE9-657C4217ABC0}"
EndProject
Project("{FAE04EC0-301F-11D3-BF4B-00C04F79EFBC}") = "EFCore.SqlServer", "..\efcore\src\EFCore.SqlServer\EFCore.SqlServer.csproj", "{8F0EB1F6-0AB6-47BC-8914-FD1A46B0A19F}"
EndProject
Project("{FAE04EC0-301F-11D3-BF4B-00C04F79EFBC}") = "EFCore.Analyzers", "..\efcore\src\EFCore.Analyzers\EFCore.Analyzers.csproj", "{00355632-57E9-47F4-A42C-A235CA8D2C72}"
EndProject
Project("{FAE04EC0-301F-11D3-BF4B-00C04F79EFBC}") = "EFCore.PG", "..\efcore.pg\src\EFCore.PG\EFCore.PG.csproj", "{F704859D-85AA-4A4A-9BD2-C739084AEF3F}"
EndProject
Project("{FAE04EC0-301F-11D3-BF4B-00C04F79EFBC}") = "EFCore.Design", "..\efcore\src\EFCore.Design\EFCore.Design.csproj", "{2D45DE42-EA07-4AE1-97D2-882379334643}"
EndProject
Project("{FAE04EC0-301F-11D3-BF4B-00C04F79EFBC}") = "EFCore.Design.Tests", "..\efcore\test\EFCore.Design.Tests\EFCore.Design.Tests.csproj", "{33CE1295-7FC9-4154-B74B-735119F714E3}"
EndProject
Project("{FAE04EC0-301F-11D3-BF4B-00C04F79EFBC}") = "EFCore.Relational.Tests", "..\efcore\test\EFCore.Relational.Tests\EFCore.Relational.Tests.csproj", "{50ADDA01-CA49-4FA3-9C23-20F1191BF89C}"
EndProject
Project("{FAE04EC0-301F-11D3-BF4B-00C04F79EFBC}") = "EFCore.Tests", "..\efcore\test\EFCore.Tests\EFCore.Tests.csproj", "{0F747CCB-2032-48E3-B4A5-FEC365DFB808}"
EndProject
Project("{FAE04EC0-301F-11D3-BF4B-00C04F79EFBC}") = "EFCore.SqlServer.FunctionalTests", "..\efcore\test\EFCore.SqlServer.FunctionalTests\EFCore.SqlServer.FunctionalTests.csproj", "{C79345AE-743E-4761-9587-ACFFBF9DD738}"
EndProject
Project("{FAE04EC0-301F-11D3-BF4B-00C04F79EFBC}") = "EFCore.Relational.Specification.Tests", "..\efcore\test\EFCore.Relational.Specification.Tests\EFCore.Relational.Specification.Tests.csproj", "{D6163DBA-F142-45B2-8FF6-2733B591ABE0}"
EndProject
Project("{FAE04EC0-301F-11D3-BF4B-00C04F79EFBC}") = "EFCore.Specification.Tests", "..\efcore\test\EFCore.Specification.Tests\EFCore.Specification.Tests.csproj", "{B727DE1C-E188-43DC-8F8B-74E9D38C3537}"
EndProject
Global
	GlobalSection(SolutionConfigurationPlatforms) = preSolution
		Debug|Any CPU = Debug|Any CPU
		Release|Any CPU = Release|Any CPU
	EndGlobalSection
	GlobalSection(ProjectConfigurationPlatforms) = postSolution
		{771109D2-AC7E-40C8-8F16-649832A10284}.Debug|Any CPU.ActiveCfg = Debug|Any CPU
		{771109D2-AC7E-40C8-8F16-649832A10284}.Debug|Any CPU.Build.0 = Debug|Any CPU
		{771109D2-AC7E-40C8-8F16-649832A10284}.Release|Any CPU.ActiveCfg = Release|Any CPU
		{771109D2-AC7E-40C8-8F16-649832A10284}.Release|Any CPU.Build.0 = Release|Any CPU
		{016B5927-F294-4CDD-AA2C-2C73D088B8DA}.Debug|Any CPU.ActiveCfg = Debug|Any CPU
		{016B5927-F294-4CDD-AA2C-2C73D088B8DA}.Debug|Any CPU.Build.0 = Debug|Any CPU
		{016B5927-F294-4CDD-AA2C-2C73D088B8DA}.Release|Any CPU.ActiveCfg = Release|Any CPU
		{016B5927-F294-4CDD-AA2C-2C73D088B8DA}.Release|Any CPU.Build.0 = Release|Any CPU
		{35B2C07C-F211-4E4C-9FCD-83C1BEF01D7D}.Debug|Any CPU.ActiveCfg = Debug|Any CPU
		{35B2C07C-F211-4E4C-9FCD-83C1BEF01D7D}.Debug|Any CPU.Build.0 = Debug|Any CPU
		{35B2C07C-F211-4E4C-9FCD-83C1BEF01D7D}.Release|Any CPU.ActiveCfg = Release|Any CPU
		{35B2C07C-F211-4E4C-9FCD-83C1BEF01D7D}.Release|Any CPU.Build.0 = Release|Any CPU
		{1D0D4B43-31FD-4C15-ABE9-657C4217ABC0}.Debug|Any CPU.ActiveCfg = Debug|Any CPU
		{1D0D4B43-31FD-4C15-ABE9-657C4217ABC0}.Debug|Any CPU.Build.0 = Debug|Any CPU
		{1D0D4B43-31FD-4C15-ABE9-657C4217ABC0}.Release|Any CPU.ActiveCfg = Release|Any CPU
		{1D0D4B43-31FD-4C15-ABE9-657C4217ABC0}.Release|Any CPU.Build.0 = Release|Any CPU
		{8F0EB1F6-0AB6-47BC-8914-FD1A46B0A19F}.Debug|Any CPU.ActiveCfg = Debug|Any CPU
		{8F0EB1F6-0AB6-47BC-8914-FD1A46B0A19F}.Debug|Any CPU.Build.0 = Debug|Any CPU
		{8F0EB1F6-0AB6-47BC-8914-FD1A46B0A19F}.Release|Any CPU.ActiveCfg = Release|Any CPU
		{8F0EB1F6-0AB6-47BC-8914-FD1A46B0A19F}.Release|Any CPU.Build.0 = Release|Any CPU
		{00355632-57E9-47F4-A42C-A235CA8D2C72}.Debug|Any CPU.ActiveCfg = Debug|Any CPU
		{00355632-57E9-47F4-A42C-A235CA8D2C72}.Debug|Any CPU.Build.0 = Debug|Any CPU
		{00355632-57E9-47F4-A42C-A235CA8D2C72}.Release|Any CPU.ActiveCfg = Release|Any CPU
		{00355632-57E9-47F4-A42C-A235CA8D2C72}.Release|Any CPU.Build.0 = Release|Any CPU
		{F704859D-85AA-4A4A-9BD2-C739084AEF3F}.Debug|Any CPU.ActiveCfg = Debug|Any CPU
		{F704859D-85AA-4A4A-9BD2-C739084AEF3F}.Debug|Any CPU.Build.0 = Debug|Any CPU
		{F704859D-85AA-4A4A-9BD2-C739084AEF3F}.Release|Any CPU.ActiveCfg = Release|Any CPU
		{F704859D-85AA-4A4A-9BD2-C739084AEF3F}.Release|Any CPU.Build.0 = Release|Any CPU
		{2D45DE42-EA07-4AE1-97D2-882379334643}.Debug|Any CPU.ActiveCfg = Debug|Any CPU
		{2D45DE42-EA07-4AE1-97D2-882379334643}.Debug|Any CPU.Build.0 = Debug|Any CPU
		{2D45DE42-EA07-4AE1-97D2-882379334643}.Release|Any CPU.ActiveCfg = Release|Any CPU
		{2D45DE42-EA07-4AE1-97D2-882379334643}.Release|Any CPU.Build.0 = Release|Any CPU
		{33CE1295-7FC9-4154-B74B-735119F714E3}.Debug|Any CPU.ActiveCfg = Debug|Any CPU
		{33CE1295-7FC9-4154-B74B-735119F714E3}.Debug|Any CPU.Build.0 = Debug|Any CPU
		{33CE1295-7FC9-4154-B74B-735119F714E3}.Release|Any CPU.ActiveCfg = Release|Any CPU
		{33CE1295-7FC9-4154-B74B-735119F714E3}.Release|Any CPU.Build.0 = Release|Any CPU
		{50ADDA01-CA49-4FA3-9C23-20F1191BF89C}.Debug|Any CPU.ActiveCfg = Debug|Any CPU
		{50ADDA01-CA49-4FA3-9C23-20F1191BF89C}.Debug|Any CPU.Build.0 = Debug|Any CPU
		{50ADDA01-CA49-4FA3-9C23-20F1191BF89C}.Release|Any CPU.ActiveCfg = Release|Any CPU
		{50ADDA01-CA49-4FA3-9C23-20F1191BF89C}.Release|Any CPU.Build.0 = Release|Any CPU
		{0F747CCB-2032-48E3-B4A5-FEC365DFB808}.Debug|Any CPU.ActiveCfg = Debug|Any CPU
		{0F747CCB-2032-48E3-B4A5-FEC365DFB808}.Debug|Any CPU.Build.0 = Debug|Any CPU
		{0F747CCB-2032-48E3-B4A5-FEC365DFB808}.Release|Any CPU.ActiveCfg = Release|Any CPU
		{0F747CCB-2032-48E3-B4A5-FEC365DFB808}.Release|Any CPU.Build.0 = Release|Any CPU
		{C79345AE-743E-4761-9587-ACFFBF9DD738}.Debug|Any CPU.ActiveCfg = Debug|Any CPU
		{C79345AE-743E-4761-9587-ACFFBF9DD738}.Debug|Any CPU.Build.0 = Debug|Any CPU
		{C79345AE-743E-4761-9587-ACFFBF9DD738}.Release|Any CPU.ActiveCfg = Release|Any CPU
		{C79345AE-743E-4761-9587-ACFFBF9DD738}.Release|Any CPU.Build.0 = Release|Any CPU
		{D6163DBA-F142-45B2-8FF6-2733B591ABE0}.Debug|Any CPU.ActiveCfg = Debug|Any CPU
		{D6163DBA-F142-45B2-8FF6-2733B591ABE0}.Debug|Any CPU.Build.0 = Debug|Any CPU
		{D6163DBA-F142-45B2-8FF6-2733B591ABE0}.Release|Any CPU.ActiveCfg = Release|Any CPU
		{D6163DBA-F142-45B2-8FF6-2733B591ABE0}.Release|Any CPU.Build.0 = Release|Any CPU
		{B727DE1C-E188-43DC-8F8B-74E9D38C3537}.Debug|Any CPU.ActiveCfg = Debug|Any CPU
		{B727DE1C-E188-43DC-8F8B-74E9D38C3537}.Debug|Any CPU.Build.0 = Debug|Any CPU
		{B727DE1C-E188-43DC-8F8B-74E9D38C3537}.Release|Any CPU.ActiveCfg = Release|Any CPU
		{B727DE1C-E188-43DC-8F8B-74E9D38C3537}.Release|Any CPU.Build.0 = Release|Any CPU
	EndGlobalSection
	GlobalSection(NestedProjects) = preSolution
		{016B5927-F294-4CDD-AA2C-2C73D088B8DA} = {0E593880-6CEA-404C-A1C8-50A7A0A06886}
		{35B2C07C-F211-4E4C-9FCD-83C1BEF01D7D} = {0E593880-6CEA-404C-A1C8-50A7A0A06886}
		{1D0D4B43-31FD-4C15-ABE9-657C4217ABC0} = {0E593880-6CEA-404C-A1C8-50A7A0A06886}
		{8F0EB1F6-0AB6-47BC-8914-FD1A46B0A19F} = {0E593880-6CEA-404C-A1C8-50A7A0A06886}
		{00355632-57E9-47F4-A42C-A235CA8D2C72} = {0E593880-6CEA-404C-A1C8-50A7A0A06886}
		{F704859D-85AA-4A4A-9BD2-C739084AEF3F} = {0E593880-6CEA-404C-A1C8-50A7A0A06886}
		{2D45DE42-EA07-4AE1-97D2-882379334643} = {0E593880-6CEA-404C-A1C8-50A7A0A06886}
		{33CE1295-7FC9-4154-B74B-735119F714E3} = {0E593880-6CEA-404C-A1C8-50A7A0A06886}
		{50ADDA01-CA49-4FA3-9C23-20F1191BF89C} = {0E593880-6CEA-404C-A1C8-50A7A0A06886}
		{0F747CCB-2032-48E3-B4A5-FEC365DFB808} = {0E593880-6CEA-404C-A1C8-50A7A0A06886}
		{C79345AE-743E-4761-9587-ACFFBF9DD738} = {0E593880-6CEA-404C-A1C8-50A7A0A06886}
		{D6163DBA-F142-45B2-8FF6-2733B591ABE0} = {0E593880-6CEA-404C-A1C8-50A7A0A06886}
		{B727DE1C-E188-43DC-8F8B-74E9D38C3537} = {0E593880-6CEA-404C-A1C8-50A7A0A06886}
	EndGlobalSection
EndGlobal
