
Microsoft Visual Studio Solution File, Format Version 12.00
Project("{FAE04EC0-301F-11D3-BF4B-00C04F79EFBC}") = "Test", "Test.csproj", "{771109D2-AC7E-40C8-8F16-649832A10284}"
EndProject
Project("{2150E333-8FDC-42A3-9474-1A3956D46DE8}") = "EF", "EF", "{0E593880-6CEA-404C-A1C8-50A7A0A06886}"
EndProject
Project("{FAE04EC0-301F-11D3-BF4B-00C04F79EFBC}") = "EFCore.Abstractions", "..\efcore\src\EFCore.Abstractions\EFCore.Abstractions.csproj", "{016B5927-F294-4CDD-AA2C-2C73D088B8DA}"
EndProject
Project("{FAE04EC0-301F-11D3-BF4B-00C04F79EFBC}") = "EFCore", "..\efcore\src\EFCore\EFCore.csproj", "{35B2C07C-F211-4E4C-9FCD-83C1BEF01D7D}"
EndProject
Project("{FAE04EC0-301F-11D3-BF4B-00C04F79EFBC}") = "EFCore.Relational", "..\efcore\src\EFCore.Relational\EFCore.Relational.csproj", "{1D0D4B43-31FD-4C15-ABE9-657C4217ABC0}"
EndProject
Project("{FAE04EC0-301F-11D3-BF4B-00C04F79EFBC}") = "EFCore.SqlServer", "..\efcore\src\EFCore.SqlServer\EFCore.SqlServer.csproj", "{8F0EB1F6-0AB6-47BC-8914-FD1A46B0A19F}"
EndProject
Project("{FAE04EC0-301F-11D3-BF4B-00C04F79EFBC}") = "EFCore.Analyzers", "..\efcore\src\EFCore.Analyzers\EFCore.Analyzers.csproj", "{00355632-57E9-47F4-A42C-A235CA8D2C72}"
EndProject
Project("{FAE04EC0-301F-11D3-BF4B-00C04F79EFBC}") = "EFCore.PG", "..\efcore.pg\src\EFCore.PG\EFCore.PG.csproj", "{F704859D-85AA-4A4A-9BD2-C739084AEF3F}"
EndProject
Global
	GlobalSection(SolutionConfigurationPlatforms) = preSolution
		Debug|Any CPU = Debug|Any CPU
		Release|Any CPU = Release|Any CPU
	EndGlobalSection
	GlobalSection(ProjectConfigurationPlatforms) = postSolution
		{771109D2-AC7E-40C8-8F16-649832A10284}.Debug|Any CPU.ActiveCfg = Debug|Any CPU
		{771109D2-AC7E-40C8-8F16-649832A10284}.Debug|Any CPU.Build.0 = Debug|Any CPU
		{771109D2-AC7E-40C8-8F16-649832A10284}.Release|Any CPU.ActiveCfg = Release|Any CPU
		{771109D2-AC7E-40C8-8F16-649832A10284}.Release|Any CPU.Build.0 = Release|Any CPU
		{016B5927-F294-4CDD-AA2C-2C73D088B8DA}.Debug|Any CPU.ActiveCfg = Debug|Any CPU
		{016B5927-F294-4CDD-AA2C-2C73D088B8DA}.Debug|Any CPU.Build.0 = Debug|Any CPU
		{016B5927-F294-4CDD-AA2C-2C73D088B8DA}.Release|Any CPU.ActiveCfg = Release|Any CPU
		{016B5927-F294-4CDD-AA2C-2C73D088B8DA}.Release|Any CPU.Build.0 = Release|Any CPU
		{35B2C07C-F211-4E4C-9FCD-83C1BEF01D7D}.Debug|Any CPU.ActiveCfg = Debug|Any CPU
		{35B2C07C-F211-4E4C-9FCD-83C1BEF01D7D}.Debug|Any CPU.Build.0 = Debug|Any CPU
		{35B2C07C-F211-4E4C-9FCD-83C1BEF01D7D}.Release|Any CPU.ActiveCfg = Release|Any CPU
		{35B2C07C-F211-4E4C-9FCD-83C1BEF01D7D}.Release|Any CPU.Build.0 = Release|Any CPU
		{1D0D4B43-31FD-4C15-ABE9-657C4217ABC0}.Debug|Any CPU.ActiveCfg = Debug|Any CPU
		{1D0D4B43-31FD-4C15-ABE9-657C4217ABC0}.Debug|Any CPU.Build.0 = Debug|Any CPU
		{1D0D4B43-31FD-4C15-ABE9-657C4217ABC0}.Release|Any CPU.ActiveCfg = Release|Any CPU
		{1D0D4B43-31FD-4C15-ABE9-657C4217ABC0}.Release|Any CPU.Build.0 = Release|Any CPU
		{8F0EB1F6-0AB6-47BC-8914-FD1A46B0A19F}.Debug|Any CPU.ActiveCfg = Debug|Any CPU
		{8F0EB1F6-0AB6-47BC-8914-FD1A46B0A19F}.Debug|Any CPU.Build.0 = Debug|Any CPU
		{8F0EB1F6-0AB6-47BC-8914-FD1A46B0A19F}.Release|Any CPU.ActiveCfg = Release|Any CPU
		{8F0EB1F6-0AB6-47BC-8914-FD1A46B0A19F}.Release|Any CPU.Build.0 = Release|Any CPU
		{00355632-57E9-47F4-A42C-A235CA8D2C72}.Debug|Any CPU.ActiveCfg = Debug|Any CPU
		{00355632-57E9-47F4-A42C-A235CA8D2C72}.Debug|Any CPU.Build.0 = Debug|Any CPU
		{00355632-57E9-47F4-A42C-A235CA8D2C72}.Release|Any CPU.ActiveCfg = Release|Any CPU
		{00355632-57E9-47F4-A42C-A235CA8D2C72}.Release|Any CPU.Build.0 = Release|Any CPU
		{F704859D-85AA-4A4A-9BD2-C739084AEF3F}.Debug|Any CPU.ActiveCfg = Debug|Any CPU
		{F704859D-85AA-4A4A-9BD2-C739084AEF3F}.Debug|Any CPU.Build.0 = Debug|Any CPU
		{F704859D-85AA-4A4A-9BD2-C739084AEF3F}.Release|Any CPU.ActiveCfg = Release|Any CPU
		{F704859D-85AA-4A4A-9BD2-C739084AEF3F}.Release|Any CPU.Build.0 = Release|Any CPU
	EndGlobalSection
	GlobalSection(NestedProjects) = preSolution
		{016B5927-F294-4CDD-AA2C-2C73D088B8DA} = {0E593880-6CEA-404C-A1C8-50A7A0A06886}
		{35B2C07C-F211-4E4C-9FCD-83C1BEF01D7D} = {0E593880-6CEA-404C-A1C8-50A7A0A06886}
		{1D0D4B43-31FD-4C15-ABE9-657C4217ABC0} = {0E593880-6CEA-404C-A1C8-50A7A0A06886}
		{8F0EB1F6-0AB6-47BC-8914-FD1A46B0A19F} = {0E593880-6CEA-404C-A1C8-50A7A0A06886}
		{00355632-57E9-47F4-A42C-A235CA8D2C72} = {0E593880-6CEA-404C-A1C8-50A7A0A06886}
		{F704859D-85AA-4A4A-9BD2-C739084AEF3F} = {0E593880-6CEA-404C-A1C8-50A7A0A06886}
	EndGlobalSection
EndGlobal
